
Microsoft Visual Studio Solution File, Format Version 12.00
# Visual Studio Version 16
VisualStudioVersion = 16.0.29920.165
MinimumVisualStudioVersion = 10.0.40219.1
Project("{FAE04EC0-301F-11D3-BF4B-00C04F79EFBC}") = "Fiado", "Fiado\Fiado.csproj", "{DFFCDA49-668E-42DD-80A1-FD7DE486673A}"
EndProject
Global
	GlobalSection(SolutionConfigurationPlatforms) = preSolution
		Debug|Any CPU = Debug|Any CPU
		Release|Any CPU = Release|Any CPU
	EndGlobalSection
	GlobalSection(ProjectConfigurationPlatforms) = postSolution
		{DFFCDA49-668E-42DD-80A1-FD7DE486673A}.Debug|Any CPU.ActiveCfg = Debug|Any CPU
		{DFFCDA49-668E-42DD-80A1-FD7DE486673A}.Debug|Any CPU.Build.0 = Debug|Any CPU
		{DFFCDA49-668E-42DD-80A1-FD7DE486673A}.Release|Any CPU.ActiveCfg = Release|Any CPU
		{DFFCDA49-668E-42DD-80A1-FD7DE486673A}.Release|Any CPU.Build.0 = Release|Any CPU
	EndGlobalSection
	GlobalSection(SolutionProperties) = preSolution
		HideSolutionNode = FALSE
	EndGlobalSection
	GlobalSection(ExtensibilityGlobals) = postSolution
		SolutionGuid = {F390815D-7BDB-4CFC-AA24-4D6ADD8E755A}
	EndGlobalSection
EndGlobal
